// !$*UTF8*$!
{
	archiveVersion = 1;
	classes = {
	};
	objectVersion = 77;
	objects = {

/* Begin PBXBuildFile section */
		891F16552F539BB600F2710A /* GameAudio in Frameworks */ = {isa = PBXBuildFile; productRef = 891F16542F539BB600F2710A /* GameAudio */; };
		897EBF702F547E5400EB6CAA /* Logging in Frameworks */ = {isa = PBXBuildFile; productRef = 897EBF6F2F547E5400EB6CAA /* Logging */; };
		89A6B7272F539AFE008DF053 /* Problems in Frameworks */ = {isa = PBXBuildFile; productRef = 89A6B7262F539AFE008DF053 /* Problems */; };
		89A6B72A2F539B0C008DF053 /* Board in Frameworks */ = {isa = PBXBuildFile; productRef = 89A6B7292F539B0C008DF053 /* Board */; };
		89A6B72C2F539B0C008DF053 /* BoardUI in Frameworks */ = {isa = PBXBuildFile; productRef = 89A6B72B2F539B0C008DF053 /* BoardUI */; };
		89A6B72F2F539B16008DF053 /* GameAudio in Frameworks */ = {isa = PBXBuildFile; productRef = 89A6B72E2F539B16008DF053 /* GameAudio */; };
		89A6B7322F539B1D008DF053 /* Game in Frameworks */ = {isa = PBXBuildFile; productRef = 89A6B7312F539B1D008DF053 /* Game */; };
		89D64A782F50C505006FCBCD /* Board in Frameworks */ = {isa = PBXBuildFile; productRef = 89D64A772F50C505006FCBCD /* Board */; };
		89D64A7A2F50C505006FCBCD /* BoardUI in Frameworks */ = {isa = PBXBuildFile; productRef = 89D64A792F50C505006FCBCD /* BoardUI */; };
		89D64A7C2F50C505006FCBCD /* Problems in Frameworks */ = {isa = PBXBuildFile; productRef = 89D64A7B2F50C505006FCBCD /* Problems */; };
		89D64A7F2F50C505006FCBCD /* Game in Frameworks */ = {isa = PBXBuildFile; productRef = 89D64A7E2F50C505006FCBCD /* Game */; };
		89ED1CAC2F547C4D001ADFA4 /* Board in Frameworks */ = {isa = PBXBuildFile; productRef = 89ED1CAB2F547C4D001ADFA4 /* Board */; };
		89ED1CAE2F547C4D001ADFA4 /* BoardUI in Frameworks */ = {isa = PBXBuildFile; productRef = 89ED1CAD2F547C4D001ADFA4 /* BoardUI */; };
		89ED1CB42F547C5F001ADFA4 /* Game in Frameworks */ = {isa = PBXBuildFile; productRef = 89ED1CB32F547C5F001ADFA4 /* Game */; };
		89ED1CB72F547C65001ADFA4 /* GameAudio in Frameworks */ = {isa = PBXBuildFile; productRef = 89ED1CB62F547C65001ADFA4 /* GameAudio */; };
		89ED1CBA2F547C6A001ADFA4 /* Problems in Frameworks */ = {isa = PBXBuildFile; productRef = 89ED1CB92F547C6A001ADFA4 /* Problems */; };
/* End PBXBuildFile section */

/* Begin PBXContainerItemProxy section */
		897EBF992F54821000EB6CAA /* PBXContainerItemProxy */ = {
			isa = PBXContainerItemProxy;
			containerPortal = 89FD60CF2F5088400085AC95 /* Project object */;
			proxyType = 1;
			remoteGlobalIDString = 89FD60D62F5088400085AC95;
			remoteInfo = Queens;
		};
/* End PBXContainerItemProxy section */

/* Begin PBXFileReference section */
		89275EF32F534633001A9796 /* TODO.md */ = {isa = PBXFileReference; lastKnownFileType = net.daringfireball.markdown; path = TODO.md; sourceTree = "<group>"; };
		897EBF952F54821000EB6CAA /* QueensTests.xctest */ = {isa = PBXFileReference; explicitFileType = wrapper.cfbundle; includeInIndex = 0; path = QueensTests.xctest; sourceTree = BUILT_PRODUCTS_DIR; };
		89C800232F520A20004C2087 /* Queens.app */ = {isa = PBXFileReference; explicitFileType = wrapper.application; includeInIndex = 0; path = Queens.app; sourceTree = BUILT_PRODUCTS_DIR; };
		89D6C6D82F509671006FCBCD /* README.md */ = {isa = PBXFileReference; lastKnownFileType = net.daringfireball.markdown; path = README.md; sourceTree = "<group>"; };
/* End PBXFileReference section */

/* Begin PBXFileSystemSynchronizedBuildFileExceptionSet section */
		897EBFB22F54865400EB6CAA /* Exceptions for "TestPlans" folder in "QueensTests" target */ = {
			isa = PBXFileSystemSynchronizedBuildFileExceptionSet;
			membershipExceptions = (
				Queens.xctestplan,
			);
			target = 897EBF942F54821000EB6CAA /* QueensTests */;
		};
/* End PBXFileSystemSynchronizedBuildFileExceptionSet section */

/* Begin PBXFileSystemSynchronizedRootGroup section */
		897EBF6B2F547D0F00EB6CAA /* Dependencies */ = {
			isa = PBXFileSystemSynchronizedRootGroup;
			path = Dependencies;
			sourceTree = "<group>";
		};
		897EBF962F54821000EB6CAA /* QueensTests */ = {
			isa = PBXFileSystemSynchronizedRootGroup;
			path = QueensTests;
			sourceTree = "<group>";
		};
		897EBFB12F54865400EB6CAA /* TestPlans */ = {
			isa = PBXFileSystemSynchronizedRootGroup;
			exceptions = (
				897EBFB22F54865400EB6CAA /* Exceptions for "TestPlans" folder in "QueensTests" target */,
			);
			path = TestPlans;
			sourceTree = "<group>";
		};
		89FD60D92F5088400085AC95 /* Queens */ = {
			isa = PBXFileSystemSynchronizedRootGroup;
			path = Queens;
			sourceTree = "<group>";
		};
/* End PBXFileSystemSynchronizedRootGroup section */

/* Begin PBXFrameworksBuildPhase section */
		897EBF922F54821000EB6CAA /* Frameworks */ = {
			isa = PBXFrameworksBuildPhase;
			buildActionMask = 2147483647;
			files = (
			);
			runOnlyForDeploymentPostprocessing = 0;
		};
		89FD60D42F5088400085AC95 /* Frameworks */ = {
			isa = PBXFrameworksBuildPhase;
			buildActionMask = 2147483647;
			files = (
				89ED1CAC2F547C4D001ADFA4 /* Board in Frameworks */,
				89D64A782F50C505006FCBCD /* Board in Frameworks */,
				89ED1CB42F547C5F001ADFA4 /* Game in Frameworks */,
				89A6B72C2F539B0C008DF053 /* BoardUI in Frameworks */,
				89A6B7272F539AFE008DF053 /* Problems in Frameworks */,
				89D64A7A2F50C505006FCBCD /* BoardUI in Frameworks */,
				89A6B72A2F539B0C008DF053 /* Board in Frameworks */,
				89A6B72F2F539B16008DF053 /* GameAudio in Frameworks */,
				89A6B7322F539B1D008DF053 /* Game in Frameworks */,
				89D64A7C2F50C505006FCBCD /* Problems in Frameworks */,
				89ED1CAE2F547C4D001ADFA4 /* BoardUI in Frameworks */,
				89D64A7F2F50C505006FCBCD /* Game in Frameworks */,
				89ED1CBA2F547C6A001ADFA4 /* Problems in Frameworks */,
				891F16552F539BB600F2710A /* GameAudio in Frameworks */,
				897EBF702F547E5400EB6CAA /* Logging in Frameworks */,
				89ED1CB72F547C65001ADFA4 /* GameAudio in Frameworks */,
			);
			runOnlyForDeploymentPostprocessing = 0;
		};
/* End PBXFrameworksBuildPhase section */

/* Begin PBXGroup section */
		897EBF6C2F547D5200EB6CAA /* Frameworks */ = {
			isa = PBXGroup;
			children = (
			);
			name = Frameworks;
			sourceTree = "<group>";
		};
		89ED1CBC2F547CA3001ADFA4 /* Products */ = {
			isa = PBXGroup;
			children = (
				89C800232F520A20004C2087 /* Queens.app */,
				897EBF952F54821000EB6CAA /* QueensTests.xctest */,
			);
			name = Products;
			sourceTree = "<group>";
		};
		89FD60CE2F5088400085AC95 = {
			isa = PBXGroup;
			children = (
				89FD60D92F5088400085AC95 /* Queens */,
				897EBF6B2F547D0F00EB6CAA /* Dependencies */,
				89D6C6D82F509671006FCBCD /* README.md */,
				89275EF32F534633001A9796 /* TODO.md */,
				897EBF962F54821000EB6CAA /* QueensTests */,
				897EBFB12F54865400EB6CAA /* TestPlans */,
				89ED1CBC2F547CA3001ADFA4 /* Products */,
				897EBF6C2F547D5200EB6CAA /* Frameworks */,
			);
			sourceTree = "<group>";
		};
/* End PBXGroup section */

/* Begin PBXNativeTarget section */
		897EBF942F54821000EB6CAA /* QueensTests */ = {
			isa = PBXNativeTarget;
			buildConfigurationList = 897EBF9D2F54821000EB6CAA /* Build configuration list for PBXNativeTarget "QueensTests" */;
			buildPhases = (
				897EBF912F54821000EB6CAA /* Sources */,
				897EBF922F54821000EB6CAA /* Frameworks */,
				897EBF932F54821000EB6CAA /* Resources */,
			);
			buildRules = (
			);
			dependencies = (
				897EBF9A2F54821000EB6CAA /* PBXTargetDependency */,
			);
			fileSystemSynchronizedGroups = (
				897EBF962F54821000EB6CAA /* QueensTests */,
				897EBFB12F54865400EB6CAA /* TestPlans */,
			);
			name = QueensTests;
			packageProductDependencies = (
			);
			productName = QueensTests;
			productReference = 897EBF952F54821000EB6CAA /* QueensTests.xctest */;
			productType = "com.apple.product-type.bundle.unit-test";
		};
		89FD60D62F5088400085AC95 /* Queens */ = {
			isa = PBXNativeTarget;
			buildConfigurationList = 89FD60E22F5088410085AC95 /* Build configuration list for PBXNativeTarget "Queens" */;
			buildPhases = (
				89FD60D32F5088400085AC95 /* Sources */,
				89FD60D42F5088400085AC95 /* Frameworks */,
				89FD60D52F5088400085AC95 /* Resources */,
			);
			buildRules = (
			);
			dependencies = (
			);
			fileSystemSynchronizedGroups = (
				89FD60D92F5088400085AC95 /* Queens */,
			);
			name = Queens;
			packageProductDependencies = (
				89D64A772F50C505006FCBCD /* Board */,
				89D64A792F50C505006FCBCD /* BoardUI */,
				89D64A7B2F50C505006FCBCD /* Problems */,
				89D64A7E2F50C505006FCBCD /* Game */,
				89A6B7262F539AFE008DF053 /* Problems */,
				89A6B7292F539B0C008DF053 /* Board */,
				89A6B72B2F539B0C008DF053 /* BoardUI */,
				89A6B72E2F539B16008DF053 /* GameAudio */,
				89A6B7312F539B1D008DF053 /* Game */,
				891F16542F539BB600F2710A /* GameAudio */,
				89ED1CAB2F547C4D001ADFA4 /* Board */,
				89ED1CAD2F547C4D001ADFA4 /* BoardUI */,
				89ED1CB32F547C5F001ADFA4 /* Game */,
				89ED1CB62F547C65001ADFA4 /* GameAudio */,
				89ED1CB92F547C6A001ADFA4 /* Problems */,
				897EBF6F2F547E5400EB6CAA /* Logging */,
			);
			productName = Queens;
			productReference = 89C800232F520A20004C2087 /* Queens.app */;
			productType = "com.apple.product-type.application";
		};
/* End PBXNativeTarget section */

/* Begin PBXProject section */
		89FD60CF2F5088400085AC95 /* Project object */ = {
			isa = PBXProject;
			attributes = {
				BuildIndependentTargetsInParallel = 1;
				LastSwiftUpdateCheck = 2630;
				LastUpgradeCheck = 2630;
				TargetAttributes = {
					897EBF942F54821000EB6CAA = {
						CreatedOnToolsVersion = 26.3;
						TestTargetID = 89FD60D62F5088400085AC95;
					};
					89FD60D62F5088400085AC95 = {
						CreatedOnToolsVersion = 26.3;
					};
				};
			};
			buildConfigurationList = 89FD60D22F5088400085AC95 /* Build configuration list for PBXProject "Queens" */;
			developmentRegion = en;
			hasScannedForEncodings = 0;
			knownRegions = (
				en,
				Base,
			);
			mainGroup = 89FD60CE2F5088400085AC95;
			minimizedProjectReferenceProxies = 1;
			packageReferences = (
			);
			preferredProjectObjectVersion = 77;
			productRefGroup = 89FD60CE2F5088400085AC95;
			projectDirPath = "";
			projectRoot = "";
			targets = (
				89FD60D62F5088400085AC95 /* Queens */,
				897EBF942F54821000EB6CAA /* QueensTests */,
			);
		};
/* End PBXProject section */

/* Begin PBXResourcesBuildPhase section */
		897EBF932F54821000EB6CAA /* Resources */ = {
			isa = PBXResourcesBuildPhase;
			buildActionMask = 2147483647;
			files = (
			);
			runOnlyForDeploymentPostprocessing = 0;
		};
		89FD60D52F5088400085AC95 /* Resources */ = {
			isa = PBXResourcesBuildPhase;
			buildActionMask = 2147483647;
			files = (
			);
			runOnlyForDeploymentPostprocessing = 0;
		};
/* End PBXResourcesBuildPhase section */

/* Begin PBXSourcesBuildPhase section */
		897EBF912F54821000EB6CAA /* Sources */ = {
			isa = PBXSourcesBuildPhase;
			buildActionMask = 2147483647;
			files = (
			);
			runOnlyForDeploymentPostprocessing = 0;
		};
		89FD60D32F5088400085AC95 /* Sources */ = {
			isa = PBXSourcesBuildPhase;
			buildActionMask = 2147483647;
			files = (
			);
			runOnlyForDeploymentPostprocessing = 0;
		};
/* End PBXSourcesBuildPhase section */

/* Begin PBXTargetDependency section */
		897EBF9A2F54821000EB6CAA /* PBXTargetDependency */ = {
			isa = PBXTargetDependency;
			target = 89FD60D62F5088400085AC95 /* Queens */;
			targetProxy = 897EBF992F54821000EB6CAA /* PBXContainerItemProxy */;
		};
/* End PBXTargetDependency section */

/* Begin XCBuildConfiguration section */
		897EBF9B2F54821000EB6CAA /* Debug */ = {
			isa = XCBuildConfiguration;
			buildSettings = {
				BUNDLE_LOADER = "$(TEST_HOST)";
				CODE_SIGN_STYLE = Automatic;
				CURRENT_PROJECT_VERSION = 1;
				DEVELOPMENT_TEAM = 77QGNK2MDF;
				GENERATE_INFOPLIST_FILE = YES;
				MARKETING_VERSION = 1.0;
				PRODUCT_BUNDLE_IDENTIFIER = com.glebshevchenko.QueensTests;
				PRODUCT_NAME = "$(TARGET_NAME)";
				STRING_CATALOG_GENERATE_SYMBOLS = NO;
				SUPPORTED_PLATFORMS = "iphoneos iphonesimulator";
				SUPPORTS_MACCATALYST = NO;
				SWIFT_APPROACHABLE_CONCURRENCY = YES;
				SWIFT_EMIT_LOC_STRINGS = NO;
				SWIFT_UPCOMING_FEATURE_MEMBER_IMPORT_VISIBILITY = YES;
				SWIFT_VERSION = 5.0;
				TARGETED_DEVICE_FAMILY = "1,2";
				TEST_HOST = "$(BUILT_PRODUCTS_DIR)/Queens.app/$(BUNDLE_EXECUTABLE_FOLDER_PATH)/Queens";
			};
			name = Debug;
		};
		897EBF9C2F54821000EB6CAA /* Release */ = {
			isa = XCBuildConfiguration;
			buildSettings = {
				BUNDLE_LOADER = "$(TEST_HOST)";
				CODE_SIGN_STYLE = Automatic;
				CURRENT_PROJECT_VERSION = 1;
				DEVELOPMENT_TEAM = 77QGNK2MDF;
				GENERATE_INFOPLIST_FILE = YES;
				MARKETING_VERSION = 1.0;
				PRODUCT_BUNDLE_IDENTIFIER = com.glebshevchenko.QueensTests;
				PRODUCT_NAME = "$(TARGET_NAME)";
				STRING_CATALOG_GENERATE_SYMBOLS = NO;
				SUPPORTED_PLATFORMS = "iphoneos iphonesimulator";
				SUPPORTS_MACCATALYST = NO;
				SWIFT_APPROACHABLE_CONCURRENCY = YES;
				SWIFT_EMIT_LOC_STRINGS = NO;
				SWIFT_UPCOMING_FEATURE_MEMBER_IMPORT_VISIBILITY = YES;
				SWIFT_VERSION = 5.0;
				TARGETED_DEVICE_FAMILY = "1,2";
				TEST_HOST = "$(BUILT_PRODUCTS_DIR)/Queens.app/$(BUNDLE_EXECUTABLE_FOLDER_PATH)/Queens";
			};
			name = Release;
		};
		89FD60E02F5088410085AC95 /* Debug */ = {
			isa = XCBuildConfiguration;
			buildSettings = {
				ALWAYS_SEARCH_USER_PATHS = NO;
				ASSETCATALOG_COMPILER_GENERATE_SWIFT_ASSET_SYMBOL_EXTENSIONS = YES;
				CLANG_ANALYZER_NONNULL = YES;
				CLANG_ANALYZER_NUMBER_OBJECT_CONVERSION = YES_AGGRESSIVE;
				CLANG_CXX_LANGUAGE_STANDARD = "gnu++20";
				CLANG_ENABLE_MODULES = YES;
				CLANG_ENABLE_OBJC_ARC = YES;
				CLANG_ENABLE_OBJC_WEAK = YES;
				CLANG_WARN_BLOCK_CAPTURE_AUTORELEASING = YES;
				CLANG_WARN_BOOL_CONVERSION = YES;
				CLANG_WARN_COMMA = YES;
				CLANG_WARN_CONSTANT_CONVERSION = YES;
				CLANG_WARN_DEPRECATED_OBJC_IMPLEMENTATIONS = YES;
				CLANG_WARN_DIRECT_OBJC_ISA_USAGE = YES_ERROR;
				CLANG_WARN_DOCUMENTATION_COMMENTS = YES;
				CLANG_WARN_EMPTY_BODY = YES;
				CLANG_WARN_ENUM_CONVERSION = YES;
				CLANG_WARN_INFINITE_RECURSION = YES;
				CLANG_WARN_INT_CONVERSION = YES;
				CLANG_WARN_NON_LITERAL_NULL_CONVERSION = YES;
				CLANG_WARN_OBJC_IMPLICIT_RETAIN_SELF = YES;
				CLANG_WARN_OBJC_LITERAL_CONVERSION = YES;
				CLANG_WARN_OBJC_ROOT_CLASS = YES_ERROR;
				CLANG_WARN_QUOTED_INCLUDE_IN_FRAMEWORK_HEADER = YES;
				CLANG_WARN_RANGE_LOOP_ANALYSIS = YES;
				CLANG_WARN_STRICT_PROTOTYPES = YES;
				CLANG_WARN_SUSPICIOUS_MOVE = YES;
				CLANG_WARN_UNGUARDED_AVAILABILITY = YES_AGGRESSIVE;
				CLANG_WARN_UNREACHABLE_CODE = YES;
				CLANG_WARN__DUPLICATE_METHOD_MATCH = YES;
				COPY_PHASE_STRIP = NO;
				DEBUG_INFORMATION_FORMAT = dwarf;
				DEVELOPMENT_TEAM = 77QGNK2MDF;
				ENABLE_STRICT_OBJC_MSGSEND = YES;
				ENABLE_TESTABILITY = YES;
				ENABLE_USER_SCRIPT_SANDBOXING = YES;
				GCC_C_LANGUAGE_STANDARD = gnu17;
				GCC_DYNAMIC_NO_PIC = NO;
				GCC_NO_COMMON_BLOCKS = YES;
				GCC_OPTIMIZATION_LEVEL = 0;
				GCC_PREPROCESSOR_DEFINITIONS = (
					"DEBUG=1",
					"$(inherited)",
				);
				GCC_WARN_64_TO_32_BIT_CONVERSION = YES;
				GCC_WARN_ABOUT_RETURN_TYPE = YES_ERROR;
				GCC_WARN_UNDECLARED_SELECTOR = YES;
				GCC_WARN_UNINITIALIZED_AUTOS = YES_AGGRESSIVE;
				GCC_WARN_UNUSED_FUNCTION = YES;
				GCC_WARN_UNUSED_VARIABLE = YES;
				IPHONEOS_DEPLOYMENT_TARGET = 26.0;
				LOCALIZATION_PREFERS_STRING_CATALOGS = YES;
				MTL_ENABLE_DEBUG_INFO = INCLUDE_SOURCE;
				MTL_FAST_MATH = YES;
				ONLY_ACTIVE_ARCH = YES;
				SDKROOT = iphoneos;
				SWIFT_ACTIVE_COMPILATION_CONDITIONS = "DEBUG $(inherited)";
				SWIFT_OPTIMIZATION_LEVEL = "-Onone";
			};
			name = Debug;
		};
		89FD60E12F5088410085AC95 /* Release */ = {
			isa = XCBuildConfiguration;
			buildSettings = {
				ALWAYS_SEARCH_USER_PATHS = NO;
				ASSETCATALOG_COMPILER_GENERATE_SWIFT_ASSET_SYMBOL_EXTENSIONS = YES;
				CLANG_ANALYZER_NONNULL = YES;
				CLANG_ANALYZER_NUMBER_OBJECT_CONVERSION = YES_AGGRESSIVE;
				CLANG_CXX_LANGUAGE_STANDARD = "gnu++20";
				CLANG_ENABLE_MODULES = YES;
				CLANG_ENABLE_OBJC_ARC = YES;
				CLANG_ENABLE_OBJC_WEAK = YES;
				CLANG_WARN_BLOCK_CAPTURE_AUTORELEASING = YES;
				CLANG_WARN_BOOL_CONVERSION = YES;
				CLANG_WARN_COMMA = YES;
				CLANG_WARN_CONSTANT_CONVERSION = YES;
				CLANG_WARN_DEPRECATED_OBJC_IMPLEMENTATIONS = YES;
				CLANG_WARN_DIRECT_OBJC_ISA_USAGE = YES_ERROR;
				CLANG_WARN_DOCUMENTATION_COMMENTS = YES;
				CLANG_WARN_EMPTY_BODY = YES;
				CLANG_WARN_ENUM_CONVERSION = YES;
				CLANG_WARN_INFINITE_RECURSION = YES;
				CLANG_WARN_INT_CONVERSION = YES;
				CLANG_WARN_NON_LITERAL_NULL_CONVERSION = YES;
				CLANG_WARN_OBJC_IMPLICIT_RETAIN_SELF = YES;
				CLANG_WARN_OBJC_LITERAL_CONVERSION = YES;
				CLANG_WARN_OBJC_ROOT_CLASS = YES_ERROR;
				CLANG_WARN_QUOTED_INCLUDE_IN_FRAMEWORK_HEADER = YES;
				CLANG_WARN_RANGE_LOOP_ANALYSIS = YES;
				CLANG_WARN_STRICT_PROTOTYPES = YES;
				CLANG_WARN_SUSPICIOUS_MOVE = YES;
				CLANG_WARN_UNGUARDED_AVAILABILITY = YES_AGGRESSIVE;
				CLANG_WARN_UNREACHABLE_CODE = YES;
				CLANG_WARN__DUPLICATE_METHOD_MATCH = YES;
				COPY_PHASE_STRIP = NO;
				DEBUG_INFORMATION_FORMAT = "dwarf-with-dsym";
				DEVELOPMENT_TEAM = 77QGNK2MDF;
				ENABLE_NS_ASSERTIONS = NO;
				ENABLE_STRICT_OBJC_MSGSEND = YES;
				ENABLE_USER_SCRIPT_SANDBOXING = YES;
				GCC_C_LANGUAGE_STANDARD = gnu17;
				GCC_NO_COMMON_BLOCKS = YES;
				GCC_WARN_64_TO_32_BIT_CONVERSION = YES;
				GCC_WARN_ABOUT_RETURN_TYPE = YES_ERROR;
				GCC_WARN_UNDECLARED_SELECTOR = YES;
				GCC_WARN_UNINITIALIZED_AUTOS = YES_AGGRESSIVE;
				GCC_WARN_UNUSED_FUNCTION = YES;
				GCC_WARN_UNUSED_VARIABLE = YES;
				IPHONEOS_DEPLOYMENT_TARGET = 26.0;
				LOCALIZATION_PREFERS_STRING_CATALOGS = YES;
				MTL_ENABLE_DEBUG_INFO = NO;
				MTL_FAST_MATH = YES;
				SDKROOT = iphoneos;
				SWIFT_COMPILATION_MODE = wholemodule;
				VALIDATE_PRODUCT = YES;
			};
			name = Release;
		};
		89FD60E32F5088410085AC95 /* Debug */ = {
			isa = XCBuildConfiguration;
			buildSettings = {
				ASSETCATALOG_COMPILER_APPICON_NAME = AppIcon;
				ASSETCATALOG_COMPILER_GLOBAL_ACCENT_COLOR_NAME = AccentColor;
				CODE_SIGN_STYLE = Automatic;
				CURRENT_PROJECT_VERSION = 1;
				DEVELOPMENT_TEAM = 77QGNK2MDF;
				ENABLE_PREVIEWS = YES;
				GENERATE_INFOPLIST_FILE = YES;
				INFOPLIST_KEY_LSApplicationCategoryType = "public.app-category.puzzle-games";
				INFOPLIST_KEY_UIApplicationSceneManifest_Generation = YES;
				INFOPLIST_KEY_UIApplicationSupportsIndirectInputEvents = YES;
				INFOPLIST_KEY_UILaunchScreen_Generation = YES;
				INFOPLIST_KEY_UISupportedInterfaceOrientations_iPad = "UIInterfaceOrientationPortrait UIInterfaceOrientationPortraitUpsideDown UIInterfaceOrientationLandscapeLeft UIInterfaceOrientationLandscapeRight";
				INFOPLIST_KEY_UISupportedInterfaceOrientations_iPhone = "UIInterfaceOrientationPortrait UIInterfaceOrientationLandscapeLeft UIInterfaceOrientationLandscapeRight";
				LD_RUNPATH_SEARCH_PATHS = (
					"$(inherited)",
					"@executable_path/Frameworks",
				);
				MARKETING_VERSION = 1.0;
				PRODUCT_BUNDLE_IDENTIFIER = com.glebshevchenko.Queens;
				PRODUCT_NAME = "$(TARGET_NAME)";
				STRING_CATALOG_GENERATE_SYMBOLS = YES;
				SWIFT_APPROACHABLE_CONCURRENCY = YES;
				SWIFT_DEFAULT_ACTOR_ISOLATION = nonisolated;
				SWIFT_EMIT_LOC_STRINGS = YES;
				SWIFT_UPCOMING_FEATURE_MEMBER_IMPORT_VISIBILITY = YES;
				SWIFT_VERSION = 6.0;
				TARGETED_DEVICE_FAMILY = "1,2";
			};
			name = Debug;
		};
		89FD60E42F5088410085AC95 /* Release */ = {
			isa = XCBuildConfiguration;
			buildSettings = {
				ASSETCATALOG_COMPILER_APPICON_NAME = AppIcon;
				ASSETCATALOG_COMPILER_GLOBAL_ACCENT_COLOR_NAME = AccentColor;
				CODE_SIGN_STYLE = Automatic;
				CURRENT_PROJECT_VERSION = 1;
				DEVELOPMENT_TEAM = 77QGNK2MDF;
				ENABLE_PREVIEWS = YES;
				GENERATE_INFOPLIST_FILE = YES;
				INFOPLIST_KEY_LSApplicationCategoryType = "public.app-category.puzzle-games";
				INFOPLIST_KEY_UIApplicationSceneManifest_Generation = YES;
				INFOPLIST_KEY_UIApplicationSupportsIndirectInputEvents = YES;
				INFOPLIST_KEY_UILaunchScreen_Generation = YES;
				INFOPLIST_KEY_UISupportedInterfaceOrientations_iPad = "UIInterfaceOrientationPortrait UIInterfaceOrientationPortraitUpsideDown UIInterfaceOrientationLandscapeLeft UIInterfaceOrientationLandscapeRight";
				INFOPLIST_KEY_UISupportedInterfaceOrientations_iPhone = "UIInterfaceOrientationPortrait UIInterfaceOrientationLandscapeLeft UIInterfaceOrientationLandscapeRight";
				LD_RUNPATH_SEARCH_PATHS = (
					"$(inherited)",
					"@executable_path/Frameworks",
				);
				MARKETING_VERSION = 1.0;
				PRODUCT_BUNDLE_IDENTIFIER = com.glebshevchenko.Queens;
				PRODUCT_NAME = "$(TARGET_NAME)";
				STRING_CATALOG_GENERATE_SYMBOLS = YES;
				SWIFT_APPROACHABLE_CONCURRENCY = YES;
				SWIFT_DEFAULT_ACTOR_ISOLATION = nonisolated;
				SWIFT_EMIT_LOC_STRINGS = YES;
				SWIFT_UPCOMING_FEATURE_MEMBER_IMPORT_VISIBILITY = YES;
				SWIFT_VERSION = 6.0;
				TARGETED_DEVICE_FAMILY = "1,2";
			};
			name = Release;
		};
/* End XCBuildConfiguration section */

/* Begin XCConfigurationList section */
		897EBF9D2F54821000EB6CAA /* Build configuration list for PBXNativeTarget "QueensTests" */ = {
			isa = XCConfigurationList;
			buildConfigurations = (
				897EBF9B2F54821000EB6CAA /* Debug */,
				897EBF9C2F54821000EB6CAA /* Release */,
			);
			defaultConfigurationIsVisible = 0;
			defaultConfigurationName = Release;
		};
		89FD60D22F5088400085AC95 /* Build configuration list for PBXProject "Queens" */ = {
			isa = XCConfigurationList;
			buildConfigurations = (
				89FD60E02F5088410085AC95 /* Debug */,
				89FD60E12F5088410085AC95 /* Release */,
			);
			defaultConfigurationIsVisible = 0;
			defaultConfigurationName = Release;
		};
		89FD60E22F5088410085AC95 /* Build configuration list for PBXNativeTarget "Queens" */ = {
			isa = XCConfigurationList;
			buildConfigurations = (
				89FD60E32F5088410085AC95 /* Debug */,
				89FD60E42F5088410085AC95 /* Release */,
			);
			defaultConfigurationIsVisible = 0;
			defaultConfigurationName = Release;
		};
/* End XCConfigurationList section */

/* Begin XCSwiftPackageProductDependency section */
		891F16542F539BB600F2710A /* GameAudio */ = {
			isa = XCSwiftPackageProductDependency;
			productName = GameAudio;
		};
		897EBF6F2F547E5400EB6CAA /* Logging */ = {
			isa = XCSwiftPackageProductDependency;
			productName = Logging;
		};
		89A6B7262F539AFE008DF053 /* Problems */ = {
			isa = XCSwiftPackageProductDependency;
			productName = Problems;
		};
		89A6B7292F539B0C008DF053 /* Board */ = {
			isa = XCSwiftPackageProductDependency;
			productName = Board;
		};
		89A6B72B2F539B0C008DF053 /* BoardUI */ = {
			isa = XCSwiftPackageProductDependency;
			productName = BoardUI;
		};
		89A6B72E2F539B16008DF053 /* GameAudio */ = {
			isa = XCSwiftPackageProductDependency;
			productName = GameAudio;
		};
		89A6B7312F539B1D008DF053 /* Game */ = {
			isa = XCSwiftPackageProductDependency;
			productName = Game;
		};
		89D64A772F50C505006FCBCD /* Board */ = {
			isa = XCSwiftPackageProductDependency;
			productName = Board;
		};
		89D64A792F50C505006FCBCD /* BoardUI */ = {
			isa = XCSwiftPackageProductDependency;
			productName = BoardUI;
		};
		89D64A7B2F50C505006FCBCD /* Problems */ = {
			isa = XCSwiftPackageProductDependency;
			productName = Problems;
		};
		89D64A7E2F50C505006FCBCD /* Game */ = {
			isa = XCSwiftPackageProductDependency;
			productName = Game;
		};
		89ED1CAB2F547C4D001ADFA4 /* Board */ = {
			isa = XCSwiftPackageProductDependency;
			productName = Board;
		};
		89ED1CAD2F547C4D001ADFA4 /* BoardUI */ = {
			isa = XCSwiftPackageProductDependency;
			productName = BoardUI;
		};
		89ED1CB32F547C5F001ADFA4 /* Game */ = {
			isa = XCSwiftPackageProductDependency;
			productName = Game;
		};
		89ED1CB62F547C65001ADFA4 /* GameAudio */ = {
			isa = XCSwiftPackageProductDependency;
			productName = GameAudio;
		};
		89ED1CB92F547C6A001ADFA4 /* Problems */ = {
			isa = XCSwiftPackageProductDependency;
			productName = Problems;
		};
/* End XCSwiftPackageProductDependency section */
	};
	rootObject = 89FD60CF2F5088400085AC95 /* Project object */;
}
